
Microsoft Visual Studio Solution File, Format Version 12.00
# Visual Studio Version 17
VisualStudioVersion = 17.2.32526.322
MinimumVisualStudioVersion = 10.0.40219.1
Project("{9A19103F-16F7-4668-BE54-9A1E7A4F7556}") = "Sample", "Sample\Sample.csproj", "{55A00A7D-5628-4E6A-A5C4-DB5C2B1E337E}"
EndProject
Project("{9A19103F-16F7-4668-BE54-9A1E7A4F7556}") = "Sample02", "Sample02\Sample02\Sample02.csproj", "{6C67816E-F5B9-4B2F-86DB-12A291645CA6}"
EndProject
Global
	GlobalSection(SolutionConfigurationPlatforms) = preSolution
		Debug|Any CPU = Debug|Any CPU
		Release|Any CPU = Release|Any CPU
	EndGlobalSection
	GlobalSection(ProjectConfigurationPlatforms) = postSolution
		{55A00A7D-5628-4E6A-A5C4-DB5C2B1E337E}.Debug|Any CPU.ActiveCfg = Debug|Any CPU
		{55A00A7D-5628-4E6A-A5C4-DB5C2B1E337E}.Debug|Any CPU.Build.0 = Debug|Any CPU
		{55A00A7D-5628-4E6A-A5C4-DB5C2B1E337E}.Release|Any CPU.ActiveCfg = Release|Any CPU
		{55A00A7D-5628-4E6A-A5C4-DB5C2B1E337E}.Release|Any CPU.Build.0 = Release|Any CPU
		{6C67816E-F5B9-4B2F-86DB-12A291645CA6}.Debug|Any CPU.ActiveCfg = Debug|Any CPU
		{6C67816E-F5B9-4B2F-86DB-12A291645CA6}.Debug|Any CPU.Build.0 = Debug|Any CPU
		{6C67816E-F5B9-4B2F-86DB-12A291645CA6}.Release|Any CPU.ActiveCfg = Release|Any CPU
		{6C67816E-F5B9-4B2F-86DB-12A291645CA6}.Release|Any CPU.Build.0 = Release|Any CPU
	EndGlobalSection
	GlobalSection(SolutionProperties) = preSolution
		HideSolutionNode = FALSE
	EndGlobalSection
	GlobalSection(ExtensibilityGlobals) = postSolution
		SolutionGuid = {EE1623B8-82B9-4557-85DE-F43FABDE2620}
	EndGlobalSection
EndGlobal
